
Microsoft Visual Studio Solution File, Format Version 12.00
# Visual Studio Version 16
VisualStudioVersion = 16.0.32630.194
MinimumVisualStudioVersion = 10.0.40219.1
Project("{FAE04EC0-301F-11D3-BF4B-00C04F79EFBC}") = "MethodOverloading", "MethodOverloading\MethodOverloading.csproj", "{89920420-C81F-4C60-BB22-227054258EC6}"
EndProject
Global
	GlobalSection(SolutionConfigurationPlatforms) = preSolution
		Debug|Any CPU = Debug|Any CPU
		Release|Any CPU = Release|Any CPU
	EndGlobalSection
	GlobalSection(ProjectConfigurationPlatforms) = postSolution
		{89920420-C81F-4C60-BB22-227054258EC6}.Debug|Any CPU.ActiveCfg = Debug|Any CPU
		{89920420-C81F-4C60-BB22-227054258EC6}.Debug|Any CPU.Build.0 = Debug|Any CPU
		{89920420-C81F-4C60-BB22-227054258EC6}.Release|Any CPU.ActiveCfg = Release|Any CPU
		{89920420-C81F-4C60-BB22-227054258EC6}.Release|Any CPU.Build.0 = Release|Any CPU
	EndGlobalSection
	GlobalSection(SolutionProperties) = preSolution
		HideSolutionNode = FALSE
	EndGlobalSection
	GlobalSection(ExtensibilityGlobals) = postSolution
		SolutionGuid = {9A240A46-03F8-473F-A13C-1A78B039FB81}
	EndGlobalSection
EndGlobal
